
Microsoft Visual Studio Solution File, Format Version 12.00
# Visual Studio Version 17
VisualStudioVersion = 17.9.34723.18
MinimumVisualStudioVersion = 10.0.40219.1
Project("{FAE04EC0-301F-11D3-BF4B-00C04F79EFBC}") = "FirstAPI", "FirstAPI\FirstAPI.csproj", "{6B2D0AA9-3EEF-4FED-A45C-7B1D8CBFF6FC}"
EndProject
Global
	GlobalSection(SolutionConfigurationPlatforms) = preSolution
		Debug|Any CPU = Debug|Any CPU
		Release|Any CPU = Release|Any CPU
	EndGlobalSection
	GlobalSection(ProjectConfigurationPlatforms) = postSolution
		{6B2D0AA9-3EEF-4FED-A45C-7B1D8CBFF6FC}.Debug|Any CPU.ActiveCfg = Debug|Any CPU
		{6B2D0AA9-3EEF-4FED-A45C-7B1D8CBFF6FC}.Debug|Any CPU.Build.0 = Debug|Any CPU
		{6B2D0AA9-3EEF-4FED-A45C-7B1D8CBFF6FC}.Release|Any CPU.ActiveCfg = Release|Any CPU
		{6B2D0AA9-3EEF-4FED-A45C-7B1D8CBFF6FC}.Release|Any CPU.Build.0 = Release|Any CPU
	EndGlobalSection
	GlobalSection(SolutionProperties) = preSolution
		HideSolutionNode = FALSE
	EndGlobalSection
	GlobalSection(ExtensibilityGlobals) = postSolution
		SolutionGuid = {B5A35E3F-0DE5-4D55-B044-3302182DDCE1}
	EndGlobalSection
EndGlobal
