
Microsoft Visual Studio Solution File, Format Version 12.00
# Visual Studio Version 17
VisualStudioVersion = 17.9.34723.18
MinimumVisualStudioVersion = 10.0.40219.1
Project("{9A19103F-16F7-4668-BE54-9A1E7A4F7556}") = "BasicsOfCs", "BasicsOfCs\BasicsOfCs.csproj", "{C677B5BF-E51C-4C30-87B2-FAEE0167B35B}"
EndProject
Project("{FAE04EC0-301F-11D3-BF4B-00C04F79EFBC}") = "LearningArray", "LearningArray\LearningArray.csproj", "{C539D907-FADE-4754-9ED2-8845537D8A66}"
EndProject
Project("{FAE04EC0-301F-11D3-BF4B-00C04F79EFBC}") = "Task1Doctor", "Task1Doctor\Task1Doctor.csproj", "{261D796E-43A2-47AB-9B19-F840BC86CF12}"
EndProject
Project("{FAE04EC0-301F-11D3-BF4B-00C04F79EFBC}") = "CardValidator", "CardValidator\CardValidator.csproj", "{71214F4C-9CE5-4F2F-9A3C-7D9ED7F47E50}"
EndProject
Global
	GlobalSection(SolutionConfigurationPlatforms) = preSolution
		Debug|Any CPU = Debug|Any CPU
		Release|Any CPU = Release|Any CPU
	EndGlobalSection
	GlobalSection(ProjectConfigurationPlatforms) = postSolution
		{C677B5BF-E51C-4C30-87B2-FAEE0167B35B}.Debug|Any CPU.ActiveCfg = Debug|Any CPU
		{C677B5BF-E51C-4C30-87B2-FAEE0167B35B}.Debug|Any CPU.Build.0 = Debug|Any CPU
		{C677B5BF-E51C-4C30-87B2-FAEE0167B35B}.Release|Any CPU.ActiveCfg = Release|Any CPU
		{C677B5BF-E51C-4C30-87B2-FAEE0167B35B}.Release|Any CPU.Build.0 = Release|Any CPU
		{C539D907-FADE-4754-9ED2-8845537D8A66}.Debug|Any CPU.ActiveCfg = Debug|Any CPU
		{C539D907-FADE-4754-9ED2-8845537D8A66}.Debug|Any CPU.Build.0 = Debug|Any CPU
		{C539D907-FADE-4754-9ED2-8845537D8A66}.Release|Any CPU.ActiveCfg = Release|Any CPU
		{C539D907-FADE-4754-9ED2-8845537D8A66}.Release|Any CPU.Build.0 = Release|Any CPU
		{261D796E-43A2-47AB-9B19-F840BC86CF12}.Debug|Any CPU.ActiveCfg = Debug|Any CPU
		{261D796E-43A2-47AB-9B19-F840BC86CF12}.Debug|Any CPU.Build.0 = Debug|Any CPU
		{261D796E-43A2-47AB-9B19-F840BC86CF12}.Release|Any CPU.ActiveCfg = Release|Any CPU
		{261D796E-43A2-47AB-9B19-F840BC86CF12}.Release|Any CPU.Build.0 = Release|Any CPU
		{71214F4C-9CE5-4F2F-9A3C-7D9ED7F47E50}.Debug|Any CPU.ActiveCfg = Debug|Any CPU
		{71214F4C-9CE5-4F2F-9A3C-7D9ED7F47E50}.Debug|Any CPU.Build.0 = Debug|Any CPU
		{71214F4C-9CE5-4F2F-9A3C-7D9ED7F47E50}.Release|Any CPU.ActiveCfg = Release|Any CPU
		{71214F4C-9CE5-4F2F-9A3C-7D9ED7F47E50}.Release|Any CPU.Build.0 = Release|Any CPU
	EndGlobalSection
	GlobalSection(SolutionProperties) = preSolution
		HideSolutionNode = FALSE
	EndGlobalSection
	GlobalSection(ExtensibilityGlobals) = postSolution
		SolutionGuid = {7DFDA3B5-1A1A-436F-94A2-654B8B5DC9AA}
	EndGlobalSection
EndGlobal
