
Microsoft Visual Studio Solution File, Format Version 12.00
# Visual Studio Version 17
VisualStudioVersion = 17.9.34723.18
MinimumVisualStudioVersion = 10.0.40219.1
Project("{FAE04EC0-301F-11D3-BF4B-00C04F79EFBC}") = "SampleEFApp", "SampleEFApp\SampleEFApp.csproj", "{090B77C2-47BB-417A-B60B-C5C542901DA2}"
EndProject
Global
	GlobalSection(SolutionConfigurationPlatforms) = preSolution
		Debug|Any CPU = Debug|Any CPU
		Release|Any CPU = Release|Any CPU
	EndGlobalSection
	GlobalSection(ProjectConfigurationPlatforms) = postSolution
		{090B77C2-47BB-417A-B60B-C5C542901DA2}.Debug|Any CPU.ActiveCfg = Debug|Any CPU
		{090B77C2-47BB-417A-B60B-C5C542901DA2}.Debug|Any CPU.Build.0 = Debug|Any CPU
		{090B77C2-47BB-417A-B60B-C5C542901DA2}.Release|Any CPU.ActiveCfg = Release|Any CPU
		{090B77C2-47BB-417A-B60B-C5C542901DA2}.Release|Any CPU.Build.0 = Release|Any CPU
	EndGlobalSection
	GlobalSection(SolutionProperties) = preSolution
		HideSolutionNode = FALSE
	EndGlobalSection
	GlobalSection(ExtensibilityGlobals) = postSolution
		SolutionGuid = {C437DDA6-BB77-4B47-8F89-AA52618AA96B}
	EndGlobalSection
EndGlobal
