
Microsoft Visual Studio Solution File, Format Version 12.00
# Visual Studio Version 17
VisualStudioVersion = 17.9.34723.18
MinimumVisualStudioVersion = 10.0.40219.1
Project("{9A19103F-16F7-4668-BE54-9A1E7A4F7556}") = "ShoppingApp", "ShoppingApp\ShoppingApp.csproj", "{348E7781-2943-4924-A1B1-4334C264721E}"
EndProject
Project("{9A19103F-16F7-4668-BE54-9A1E7A4F7556}") = "ShoppingModelLibrary", "ShoppingModelLibrary\ShoppingModelLibrary.csproj", "{F9D4DFA9-45C3-44D2-80FE-9E6D519F5310}"
EndProject
Project("{9A19103F-16F7-4668-BE54-9A1E7A4F7556}") = "ShoppingDALLibrary", "ShoppingDALLibrary\ShoppingDALLibrary.csproj", "{74BC2864-2575-41AF-9BF7-7331A8521747}"
EndProject
Project("{9A19103F-16F7-4668-BE54-9A1E7A4F7556}") = "ShoppingAppTest", "ShoppingAppTest\ShoppingAppTest.csproj", "{9F49B7A2-5E66-46B7-BDC2-9914B83353CD}"
EndProject
Project("{9A19103F-16F7-4668-BE54-9A1E7A4F7556}") = "ShoppingBLLibrary", "ShoppingBLLibrary\ShoppingBLLibrary.csproj", "{1C0CBD82-4809-40E2-9BD1-071FC33248CA}"
EndProject
Project("{FAE04EC0-301F-11D3-BF4B-00C04F79EFBC}") = "ShoppingAppBLTest", "ShoppingAppBLTest\ShoppingAppBLTest.csproj", "{758B8D49-5D0F-4F23-93C8-277E7706FE0D}"
EndProject
Global
	GlobalSection(SolutionConfigurationPlatforms) = preSolution
		Debug|Any CPU = Debug|Any CPU
		Release|Any CPU = Release|Any CPU
	EndGlobalSection
	GlobalSection(ProjectConfigurationPlatforms) = postSolution
		{348E7781-2943-4924-A1B1-4334C264721E}.Debug|Any CPU.ActiveCfg = Debug|Any CPU
		{348E7781-2943-4924-A1B1-4334C264721E}.Debug|Any CPU.Build.0 = Debug|Any CPU
		{348E7781-2943-4924-A1B1-4334C264721E}.Release|Any CPU.ActiveCfg = Release|Any CPU
		{348E7781-2943-4924-A1B1-4334C264721E}.Release|Any CPU.Build.0 = Release|Any CPU
		{F9D4DFA9-45C3-44D2-80FE-9E6D519F5310}.Debug|Any CPU.ActiveCfg = Debug|Any CPU
		{F9D4DFA9-45C3-44D2-80FE-9E6D519F5310}.Debug|Any CPU.Build.0 = Debug|Any CPU
		{F9D4DFA9-45C3-44D2-80FE-9E6D519F5310}.Release|Any CPU.ActiveCfg = Release|Any CPU
		{F9D4DFA9-45C3-44D2-80FE-9E6D519F5310}.Release|Any CPU.Build.0 = Release|Any CPU
		{74BC2864-2575-41AF-9BF7-7331A8521747}.Debug|Any CPU.ActiveCfg = Debug|Any CPU
		{74BC2864-2575-41AF-9BF7-7331A8521747}.Debug|Any CPU.Build.0 = Debug|Any CPU
		{74BC2864-2575-41AF-9BF7-7331A8521747}.Release|Any CPU.ActiveCfg = Release|Any CPU
		{74BC2864-2575-41AF-9BF7-7331A8521747}.Release|Any CPU.Build.0 = Release|Any CPU
		{9F49B7A2-5E66-46B7-BDC2-9914B83353CD}.Debug|Any CPU.ActiveCfg = Debug|Any CPU
		{9F49B7A2-5E66-46B7-BDC2-9914B83353CD}.Debug|Any CPU.Build.0 = Debug|Any CPU
		{9F49B7A2-5E66-46B7-BDC2-9914B83353CD}.Release|Any CPU.ActiveCfg = Release|Any CPU
		{9F49B7A2-5E66-46B7-BDC2-9914B83353CD}.Release|Any CPU.Build.0 = Release|Any CPU
		{1C0CBD82-4809-40E2-9BD1-071FC33248CA}.Debug|Any CPU.ActiveCfg = Debug|Any CPU
		{1C0CBD82-4809-40E2-9BD1-071FC33248CA}.Debug|Any CPU.Build.0 = Debug|Any CPU
		{1C0CBD82-4809-40E2-9BD1-071FC33248CA}.Release|Any CPU.ActiveCfg = Release|Any CPU
		{1C0CBD82-4809-40E2-9BD1-071FC33248CA}.Release|Any CPU.Build.0 = Release|Any CPU
		{758B8D49-5D0F-4F23-93C8-277E7706FE0D}.Debug|Any CPU.ActiveCfg = Debug|Any CPU
		{758B8D49-5D0F-4F23-93C8-277E7706FE0D}.Debug|Any CPU.Build.0 = Debug|Any CPU
		{758B8D49-5D0F-4F23-93C8-277E7706FE0D}.Release|Any CPU.ActiveCfg = Release|Any CPU
		{758B8D49-5D0F-4F23-93C8-277E7706FE0D}.Release|Any CPU.Build.0 = Release|Any CPU
	EndGlobalSection
	GlobalSection(SolutionProperties) = preSolution
		HideSolutionNode = FALSE
	EndGlobalSection
	GlobalSection(ExtensibilityGlobals) = postSolution
		SolutionGuid = {29759302-949C-4F31-92D5-C1154CF4463A}
	EndGlobalSection
EndGlobal
