
Microsoft Visual Studio Solution File, Format Version 12.00
# Visual Studio Version 17
VisualStudioVersion = 17.9.34723.18
MinimumVisualStudioVersion = 10.0.40219.1
Project("{FAE04EC0-301F-11D3-BF4B-00C04F79EFBC}") = "ReqTrackerApp", "ReqTrackerApp\ReqTrackerApp.csproj", "{F319BADA-D4E5-41F0-97E1-FA26A00E411F}"
EndProject
Project("{FAE04EC0-301F-11D3-BF4B-00C04F79EFBC}") = "ReqTrackerModelLibrary", "ReqTrackerModelLibbrary\ReqTrackerModelLibrary.csproj", "{E1C031A8-D06B-420D-80BA-BEF1CE1F741E}"
EndProject
Global
	GlobalSection(SolutionConfigurationPlatforms) = preSolution
		Debug|Any CPU = Debug|Any CPU
		Release|Any CPU = Release|Any CPU
	EndGlobalSection
	GlobalSection(ProjectConfigurationPlatforms) = postSolution
		{F319BADA-D4E5-41F0-97E1-FA26A00E411F}.Debug|Any CPU.ActiveCfg = Debug|Any CPU
		{F319BADA-D4E5-41F0-97E1-FA26A00E411F}.Debug|Any CPU.Build.0 = Debug|Any CPU
		{F319BADA-D4E5-41F0-97E1-FA26A00E411F}.Release|Any CPU.ActiveCfg = Release|Any CPU
		{F319BADA-D4E5-41F0-97E1-FA26A00E411F}.Release|Any CPU.Build.0 = Release|Any CPU
		{E1C031A8-D06B-420D-80BA-BEF1CE1F741E}.Debug|Any CPU.ActiveCfg = Debug|Any CPU
		{E1C031A8-D06B-420D-80BA-BEF1CE1F741E}.Debug|Any CPU.Build.0 = Debug|Any CPU
		{E1C031A8-D06B-420D-80BA-BEF1CE1F741E}.Release|Any CPU.ActiveCfg = Release|Any CPU
		{E1C031A8-D06B-420D-80BA-BEF1CE1F741E}.Release|Any CPU.Build.0 = Release|Any CPU
	EndGlobalSection
	GlobalSection(SolutionProperties) = preSolution
		HideSolutionNode = FALSE
	EndGlobalSection
	GlobalSection(ExtensibilityGlobals) = postSolution
		SolutionGuid = {FA53D622-F4EC-4184-89E8-12CC6713F43D}
	EndGlobalSection
EndGlobal
