
Microsoft Visual Studio Solution File, Format Version 12.00
# Visual Studio Version 17
VisualStudioVersion = 17.9.34723.18
MinimumVisualStudioVersion = 10.0.40219.1
Project("{FAE04EC0-301F-11D3-BF4B-00C04F79EFBC}") = "EFCoreCodeFirstApp", "EFCoreCodeFirstApp\EFCoreCodeFirstApp.csproj", "{F367A029-7412-46C3-9979-8274AF597820}"
EndProject
Global
	GlobalSection(SolutionConfigurationPlatforms) = preSolution
		Debug|Any CPU = Debug|Any CPU
		Release|Any CPU = Release|Any CPU
	EndGlobalSection
	GlobalSection(ProjectConfigurationPlatforms) = postSolution
		{F367A029-7412-46C3-9979-8274AF597820}.Debug|Any CPU.ActiveCfg = Debug|Any CPU
		{F367A029-7412-46C3-9979-8274AF597820}.Debug|Any CPU.Build.0 = Debug|Any CPU
		{F367A029-7412-46C3-9979-8274AF597820}.Release|Any CPU.ActiveCfg = Release|Any CPU
		{F367A029-7412-46C3-9979-8274AF597820}.Release|Any CPU.Build.0 = Release|Any CPU
	EndGlobalSection
	GlobalSection(SolutionProperties) = preSolution
		HideSolutionNode = FALSE
	EndGlobalSection
	GlobalSection(ExtensibilityGlobals) = postSolution
		SolutionGuid = {8841DE15-FA15-4F96-9B87-809E55CD31D5}
	EndGlobalSection
EndGlobal
